
Microsoft Visual Studio Solution File, Format Version 12.00
# Visual Studio Version 17
VisualStudioVersion = 17.6.33829.357
MinimumVisualStudioVersion = 10.0.40219.1
Project("{9A19103F-16F7-4668-BE54-9A1E7A4F7556}") = "MonProjetPogo", "MonProjetPogo\MonProjetPogo.csproj", "{7BFF34EE-0231-4D90-9E1B-956A3B49C920}"
EndProject
Project("{9A19103F-16F7-4668-BE54-9A1E7A4F7556}") = "Cours4", "Cours4\Cours4.csproj", "{FE64FD9F-3BB3-4320-B86A-3DBA5AD0B15C}"
EndProject
Project("{9A19103F-16F7-4668-BE54-9A1E7A4F7556}") = "Cours06", "Cours06\Cours06.csproj", "{418079A5-B8B0-43A8-A9CF-FD986799D218}"
EndProject
Project("{9A19103F-16F7-4668-BE54-9A1E7A4F7556}") = "A23_Linq", "A23_Linq\A23_Linq.csproj", "{8B8ABC8B-45C3-4600-B582-79B85DB0458D}"
EndProject
Project("{9A19103F-16F7-4668-BE54-9A1E7A4F7556}") = "A23_Linq_Prof", "A23_Linq_Prof\A23_Linq_Prof.csproj", "{1AC45C93-CCBA-406D-BBF5-B34D43792D55}"
EndProject
Project("{9A19103F-16F7-4668-BE54-9A1E7A4F7556}") = "Classes01", "Classes01\Classes01.csproj", "{259AFF18-C202-482F-AB3F-18FE64CD1ABA}"
EndProject
Project("{9A19103F-16F7-4668-BE54-9A1E7A4F7556}") = "Classes2", "Classes2\Classes2.csproj", "{955D9BBF-5397-42B8-9B8F-D2CC4982D413}"
EndProject
Project("{FAE04EC0-301F-11D3-BF4B-00C04F79EFBC}") = "Generics", "Generics\Generics.csproj", "{6D81954E-45AD-49F1-BC47-B1C00D050A9A}"
EndProject
Global
	GlobalSection(SolutionConfigurationPlatforms) = preSolution
		Debug|Any CPU = Debug|Any CPU
		Release|Any CPU = Release|Any CPU
	EndGlobalSection
	GlobalSection(ProjectConfigurationPlatforms) = postSolution
		{7BFF34EE-0231-4D90-9E1B-956A3B49C920}.Debug|Any CPU.ActiveCfg = Debug|Any CPU
		{7BFF34EE-0231-4D90-9E1B-956A3B49C920}.Debug|Any CPU.Build.0 = Debug|Any CPU
		{7BFF34EE-0231-4D90-9E1B-956A3B49C920}.Release|Any CPU.ActiveCfg = Release|Any CPU
		{7BFF34EE-0231-4D90-9E1B-956A3B49C920}.Release|Any CPU.Build.0 = Release|Any CPU
		{FE64FD9F-3BB3-4320-B86A-3DBA5AD0B15C}.Debug|Any CPU.ActiveCfg = Debug|Any CPU
		{FE64FD9F-3BB3-4320-B86A-3DBA5AD0B15C}.Debug|Any CPU.Build.0 = Debug|Any CPU
		{FE64FD9F-3BB3-4320-B86A-3DBA5AD0B15C}.Release|Any CPU.ActiveCfg = Release|Any CPU
		{FE64FD9F-3BB3-4320-B86A-3DBA5AD0B15C}.Release|Any CPU.Build.0 = Release|Any CPU
		{418079A5-B8B0-43A8-A9CF-FD986799D218}.Debug|Any CPU.ActiveCfg = Debug|Any CPU
		{418079A5-B8B0-43A8-A9CF-FD986799D218}.Debug|Any CPU.Build.0 = Debug|Any CPU
		{418079A5-B8B0-43A8-A9CF-FD986799D218}.Release|Any CPU.ActiveCfg = Release|Any CPU
		{418079A5-B8B0-43A8-A9CF-FD986799D218}.Release|Any CPU.Build.0 = Release|Any CPU
		{8B8ABC8B-45C3-4600-B582-79B85DB0458D}.Debug|Any CPU.ActiveCfg = Debug|Any CPU
		{8B8ABC8B-45C3-4600-B582-79B85DB0458D}.Debug|Any CPU.Build.0 = Debug|Any CPU
		{8B8ABC8B-45C3-4600-B582-79B85DB0458D}.Release|Any CPU.ActiveCfg = Release|Any CPU
		{8B8ABC8B-45C3-4600-B582-79B85DB0458D}.Release|Any CPU.Build.0 = Release|Any CPU
		{1AC45C93-CCBA-406D-BBF5-B34D43792D55}.Debug|Any CPU.ActiveCfg = Debug|Any CPU
		{1AC45C93-CCBA-406D-BBF5-B34D43792D55}.Debug|Any CPU.Build.0 = Debug|Any CPU
		{1AC45C93-CCBA-406D-BBF5-B34D43792D55}.Release|Any CPU.ActiveCfg = Release|Any CPU
		{1AC45C93-CCBA-406D-BBF5-B34D43792D55}.Release|Any CPU.Build.0 = Release|Any CPU
		{259AFF18-C202-482F-AB3F-18FE64CD1ABA}.Debug|Any CPU.ActiveCfg = Debug|Any CPU
		{259AFF18-C202-482F-AB3F-18FE64CD1ABA}.Debug|Any CPU.Build.0 = Debug|Any CPU
		{259AFF18-C202-482F-AB3F-18FE64CD1ABA}.Release|Any CPU.ActiveCfg = Release|Any CPU
		{259AFF18-C202-482F-AB3F-18FE64CD1ABA}.Release|Any CPU.Build.0 = Release|Any CPU
		{955D9BBF-5397-42B8-9B8F-D2CC4982D413}.Debug|Any CPU.ActiveCfg = Debug|Any CPU
		{955D9BBF-5397-42B8-9B8F-D2CC4982D413}.Debug|Any CPU.Build.0 = Debug|Any CPU
		{955D9BBF-5397-42B8-9B8F-D2CC4982D413}.Release|Any CPU.ActiveCfg = Release|Any CPU
		{955D9BBF-5397-42B8-9B8F-D2CC4982D413}.Release|Any CPU.Build.0 = Release|Any CPU
		{6D81954E-45AD-49F1-BC47-B1C00D050A9A}.Debug|Any CPU.ActiveCfg = Debug|Any CPU
		{6D81954E-45AD-49F1-BC47-B1C00D050A9A}.Debug|Any CPU.Build.0 = Debug|Any CPU
		{6D81954E-45AD-49F1-BC47-B1C00D050A9A}.Release|Any CPU.ActiveCfg = Release|Any CPU
		{6D81954E-45AD-49F1-BC47-B1C00D050A9A}.Release|Any CPU.Build.0 = Release|Any CPU
	EndGlobalSection
	GlobalSection(SolutionProperties) = preSolution
		HideSolutionNode = FALSE
	EndGlobalSection
	GlobalSection(ExtensibilityGlobals) = postSolution
		SolutionGuid = {B6A21456-92F1-44C8-AA18-B17E421D5891}
	EndGlobalSection
EndGlobal
